
Microsoft Visual Studio Solution File, Format Version 12.00
# Visual Studio Version 17
VisualStudioVersion = 17.5.002.0
MinimumVisualStudioVersion = 10.0.40219.1
Project("{2150E333-8FDC-42A3-9474-1A3956D46DE8}") = "src", "src", "{B6CA211C-369A-44A8-815F-74FEDC15ED99}"
EndProject
Project("{9A19103F-16F7-4668-BE54-9A1E7A4F7556}") = "Library", "src\Library\Library.csproj", "{8A79891C-F584-4B7C-846B-BC8C3F6C37F9}"
EndProject
Project("{9A19103F-16F7-4668-BE54-9A1E7A4F7556}") = "Program", "src\Program\Program.csproj", "{5ED0C7A5-404F-4210-868D-AF8FF252636D}"
EndProject
Global
	GlobalSection(SolutionConfigurationPlatforms) = preSolution
		Debug|Any CPU = Debug|Any CPU
		Release|Any CPU = Release|Any CPU
	EndGlobalSection
	GlobalSection(ProjectConfigurationPlatforms) = postSolution
		{8A79891C-F584-4B7C-846B-BC8C3F6C37F9}.Debug|Any CPU.ActiveCfg = Debug|Any CPU
		{8A79891C-F584-4B7C-846B-BC8C3F6C37F9}.Debug|Any CPU.Build.0 = Debug|Any CPU
		{8A79891C-F584-4B7C-846B-BC8C3F6C37F9}.Release|Any CPU.ActiveCfg = Release|Any CPU
		{8A79891C-F584-4B7C-846B-BC8C3F6C37F9}.Release|Any CPU.Build.0 = Release|Any CPU
		{5ED0C7A5-404F-4210-868D-AF8FF252636D}.Debug|Any CPU.ActiveCfg = Debug|Any CPU
		{5ED0C7A5-404F-4210-868D-AF8FF252636D}.Debug|Any CPU.Build.0 = Debug|Any CPU
		{5ED0C7A5-404F-4210-868D-AF8FF252636D}.Release|Any CPU.ActiveCfg = Release|Any CPU
		{5ED0C7A5-404F-4210-868D-AF8FF252636D}.Release|Any CPU.Build.0 = Release|Any CPU
	EndGlobalSection
	GlobalSection(SolutionProperties) = preSolution
		HideSolutionNode = FALSE
	EndGlobalSection
	GlobalSection(NestedProjects) = preSolution
		{8A79891C-F584-4B7C-846B-BC8C3F6C37F9} = {B6CA211C-369A-44A8-815F-74FEDC15ED99}
		{5ED0C7A5-404F-4210-868D-AF8FF252636D} = {B6CA211C-369A-44A8-815F-74FEDC15ED99}
	EndGlobalSection
	GlobalSection(ExtensibilityGlobals) = postSolution
		SolutionGuid = {393C0310-D81B-475E-B8EC-69A0B3C80CFF}
	EndGlobalSection
EndGlobal
